
Microsoft Visual Studio Solution File, Format Version 12.00
# Visual Studio 15
VisualStudioVersion = 15.0.27130.2020
MinimumVisualStudioVersion = 10.0.40219.1
Project("{FAE04EC0-301F-11D3-BF4B-00C04F79EFBC}") = "WpfApplication1", "WpfApplication1\WpfApplication1.csproj", "{C5A31C86-1F86-4C47-911C-080EC74371B9}"
EndProject
Project("{FAE04EC0-301F-11D3-BF4B-00C04F79EFBC}") = "UnitTestProject1.UnitTest", "UnitTestProject1.UnitTest\UnitTestProject1.UnitTest.csproj", "{7FEBB4BE-C91F-4ED7-A647-D30584C44210}"
EndProject
Global
	GlobalSection(SolutionConfigurationPlatforms) = preSolution
		Debug|Any CPU = Debug|Any CPU
		Release|Any CPU = Release|Any CPU
	EndGlobalSection
	GlobalSection(ProjectConfigurationPlatforms) = postSolution
		{C5A31C86-1F86-4C47-911C-080EC74371B9}.Debug|Any CPU.ActiveCfg = Debug|Any CPU
		{C5A31C86-1F86-4C47-911C-080EC74371B9}.Debug|Any CPU.Build.0 = Debug|Any CPU
		{C5A31C86-1F86-4C47-911C-080EC74371B9}.Release|Any CPU.ActiveCfg = Release|Any CPU
		{C5A31C86-1F86-4C47-911C-080EC74371B9}.Release|Any CPU.Build.0 = Release|Any CPU
		{7FEBB4BE-C91F-4ED7-A647-D30584C44210}.Debug|Any CPU.ActiveCfg = Release|Any CPU
		{7FEBB4BE-C91F-4ED7-A647-D30584C44210}.Debug|Any CPU.Build.0 = Release|Any CPU
		{7FEBB4BE-C91F-4ED7-A647-D30584C44210}.Release|Any CPU.ActiveCfg = Release|Any CPU
		{7FEBB4BE-C91F-4ED7-A647-D30584C44210}.Release|Any CPU.Build.0 = Release|Any CPU
	EndGlobalSection
	GlobalSection(SolutionProperties) = preSolution
		HideSolutionNode = FALSE
	EndGlobalSection
	GlobalSection(ExtensibilityGlobals) = postSolution
		SolutionGuid = {755AFF97-1BDA-43A3-A73B-9C268EB8CCEA}
	EndGlobalSection
EndGlobal
